
Microsoft Visual Studio Solution File, Format Version 12.00
# Visual Studio Version 16
VisualStudioVersion = 16.0.30804.86
MinimumVisualStudioVersion = 10.0.40219.1
Project("{FAE04EC0-301F-11D3-BF4B-00C04F79EFBC}") = "AutoFixer", "AutoFix\AutoFixer.csproj", "{0CAE55D9-4670-4B3A-A956-2F9509732AAB}"
EndProject
Global
	GlobalSection(SolutionConfigurationPlatforms) = preSolution
		Debug|Any CPU = Debug|Any CPU
		Debugmode|Any CPU = Debugmode|Any CPU
		Release|Any CPU = Release|Any CPU
	EndGlobalSection
	GlobalSection(ProjectConfigurationPlatforms) = postSolution
		{0CAE55D9-4670-4B3A-A956-2F9509732AAB}.Debug|Any CPU.ActiveCfg = Debug|Any CPU
		{0CAE55D9-4670-4B3A-A956-2F9509732AAB}.Debug|Any CPU.Build.0 = Debug|Any CPU
		{0CAE55D9-4670-4B3A-A956-2F9509732AAB}.Debugmode|Any CPU.ActiveCfg = Debugmode|Any CPU
		{0CAE55D9-4670-4B3A-A956-2F9509732AAB}.Debugmode|Any CPU.Build.0 = Debugmode|Any CPU
		{0CAE55D9-4670-4B3A-A956-2F9509732AAB}.Release|Any CPU.ActiveCfg = Debug|Any CPU
		{0CAE55D9-4670-4B3A-A956-2F9509732AAB}.Release|Any CPU.Build.0 = Debug|Any CPU
	EndGlobalSection
	GlobalSection(SolutionProperties) = preSolution
		HideSolutionNode = FALSE
	EndGlobalSection
	GlobalSection(ExtensibilityGlobals) = postSolution
		SolutionGuid = {D0B0A7FA-D613-4D6A-A6AB-EEB78075DE1D}
	EndGlobalSection
EndGlobal
